{
  "originHash" : "54a530a8a66c1ee0cc1c6dd34159a96243f09d436e10ae5178973082bff1ef28",
  "pins" : [
    {
      "identity" : "onnxruntime-swift-package-manager",
      "kind" : "remoteSourceControl",
      "location" : "https://github.com/microsoft/onnxruntime-swift-package-manager",
      "state" : {
        "revision" : "12ce7374c86944e1f68f3a866d10105d8357f074",
        "version" : "1.20.0"
      }
    }
  ],
  "version" : 3
}
