// !$*UTF8*$!
{
	archiveVersion = 1;
	classes = {
	};
	objectVersion = 56;
	objects = {

/* Begin PBXBuildFile section */
		71C3B3AD7A98BA3561007192 /* Pods_DepthCameraTests.framework in Frameworks */ = {isa = PBXBuildFile; fileRef = 5C5E46324A2B9674F59F1F8C /* Pods_DepthCameraTests.framework */; };
		89B6171E2B14740A00280111 /* DepthCameraApp.swift in Sources */ = {isa = PBXBuildFile; fileRef = 89B6171D2B14740A00280111 /* DepthCameraApp.swift */; };
		89B617202B14740A00280111 /* ContentView.swift in Sources */ = {isa = PBXBuildFile; fileRef = 89B6171F2B14740A00280111 /* ContentView.swift */; };
		89B617222B14740B00280111 /* Assets.xcassets in Resources */ = {isa = PBXBuildFile; fileRef = 89B617212B14740B00280111 /* Assets.xcassets */; };
		89B617262B14740B00280111 /* Preview Assets.xcassets in Resources */ = {isa = PBXBuildFile; fileRef = 89B617252B14740B00280111 /* Preview Assets.xcassets */; };
		89B617302B14740B00280111 /* DepthCameraTests.swift in Sources */ = {isa = PBXBuildFile; fileRef = 89B6172F2B14740B00280111 /* DepthCameraTests.swift */; };
		89B6173A2B14740B00280111 /* DepthCameraUITests.swift in Sources */ = {isa = PBXBuildFile; fileRef = 89B617392B14740B00280111 /* DepthCameraUITests.swift */; };
		89B6173C2B14740B00280111 /* DepthCameraUITestsLaunchTests.swift in Sources */ = {isa = PBXBuildFile; fileRef = 89B6173B2B14740B00280111 /* DepthCameraUITestsLaunchTests.swift */; };
		AF6D6D435FA0400B15234CB6 /* Pods_DepthCamera_DepthCameraUITests.framework in Frameworks */ = {isa = PBXBuildFile; fileRef = 8F9F679CF8B7EE44C3DAACAC /* Pods_DepthCamera_DepthCameraUITests.framework */; };
		DB0AE426B16D9FA02B997FED /* Pods_DepthCamera.framework in Frameworks */ = {isa = PBXBuildFile; fileRef = E227FAB191BC5550BAC2DB4A /* Pods_DepthCamera.framework */; };
/* End PBXBuildFile section */

/* Begin PBXContainerItemProxy section */
		89B6172C2B14740B00280111 /* PBXContainerItemProxy */ = {
			isa = PBXContainerItemProxy;
			containerPortal = 89B617122B14740A00280111 /* Project object */;
			proxyType = 1;
			remoteGlobalIDString = 89B617192B14740A00280111;
			remoteInfo = DepthCamera;
		};
		89B617362B14740B00280111 /* PBXContainerItemProxy */ = {
			isa = PBXContainerItemProxy;
			containerPortal = 89B617122B14740A00280111 /* Project object */;
			proxyType = 1;
			remoteGlobalIDString = 89B617192B14740A00280111;
			remoteInfo = DepthCamera;
		};
/* End PBXContainerItemProxy section */

/* Begin PBXFileReference section */
		5AD708927E8DD9D65325735B /* Pods-DepthCameraTests.debug.xcconfig */ = {isa = PBXFileReference; includeInIndex = 1; lastKnownFileType = text.xcconfig; name = "Pods-DepthCameraTests.debug.xcconfig"; path = "Target Support Files/Pods-DepthCameraTests/Pods-DepthCameraTests.debug.xcconfig"; sourceTree = "<group>"; };
		5C5E46324A2B9674F59F1F8C /* Pods_DepthCameraTests.framework */ = {isa = PBXFileReference; explicitFileType = wrapper.framework; includeInIndex = 0; path = Pods_DepthCameraTests.framework; sourceTree = BUILT_PRODUCTS_DIR; };
		71F5030F13FAB4BF6261DA2C /* Pods-DepthCamera-DepthCameraUITests.debug.xcconfig */ = {isa = PBXFileReference; includeInIndex = 1; lastKnownFileType = text.xcconfig; name = "Pods-DepthCamera-DepthCameraUITests.debug.xcconfig"; path = "Target Support Files/Pods-DepthCamera-DepthCameraUITests/Pods-DepthCamera-DepthCameraUITests.debug.xcconfig"; sourceTree = "<group>"; };
		89B6171A2B14740A00280111 /* DepthCamera.app */ = {isa = PBXFileReference; explicitFileType = wrapper.application; includeInIndex = 0; path = DepthCamera.app; sourceTree = BUILT_PRODUCTS_DIR; };
		89B6171D2B14740A00280111 /* DepthCameraApp.swift */ = {isa = PBXFileReference; lastKnownFileType = sourcecode.swift; path = DepthCameraApp.swift; sourceTree = "<group>"; };
		89B6171F2B14740A00280111 /* ContentView.swift */ = {isa = PBXFileReference; lastKnownFileType = sourcecode.swift; path = ContentView.swift; sourceTree = "<group>"; };
		89B617212B14740B00280111 /* Assets.xcassets */ = {isa = PBXFileReference; lastKnownFileType = folder.assetcatalog; path = Assets.xcassets; sourceTree = "<group>"; };
		89B617232B14740B00280111 /* DepthCamera.entitlements */ = {isa = PBXFileReference; lastKnownFileType = text.plist.entitlements; path = DepthCamera.entitlements; sourceTree = "<group>"; };
		89B617252B14740B00280111 /* Preview Assets.xcassets */ = {isa = PBXFileReference; lastKnownFileType = folder.assetcatalog; path = "Preview Assets.xcassets"; sourceTree = "<group>"; };
		89B6172B2B14740B00280111 /* DepthCameraTests.xctest */ = {isa = PBXFileReference; explicitFileType = wrapper.cfbundle; includeInIndex = 0; path = DepthCameraTests.xctest; sourceTree = BUILT_PRODUCTS_DIR; };
		89B6172F2B14740B00280111 /* DepthCameraTests.swift */ = {isa = PBXFileReference; lastKnownFileType = sourcecode.swift; path = DepthCameraTests.swift; sourceTree = "<group>"; };
		89B617352B14740B00280111 /* DepthCameraUITests.xctest */ = {isa = PBXFileReference; explicitFileType = wrapper.cfbundle; includeInIndex = 0; path = DepthCameraUITests.xctest; sourceTree = BUILT_PRODUCTS_DIR; };
		89B617392B14740B00280111 /* DepthCameraUITests.swift */ = {isa = PBXFileReference; lastKnownFileType = sourcecode.swift; path = DepthCameraUITests.swift; sourceTree = "<group>"; };
		89B6173B2B14740B00280111 /* DepthCameraUITestsLaunchTests.swift */ = {isa = PBXFileReference; lastKnownFileType = sourcecode.swift; path = DepthCameraUITestsLaunchTests.swift; sourceTree = "<group>"; };
		89B6174A2B14802900280111 /* Info.plist */ = {isa = PBXFileReference; lastKnownFileType = text.plist; path = Info.plist; sourceTree = "<group>"; };
		89B8A9712BB2D33D00FD7106 /* Bridging-Header.h */ = {isa = PBXFileReference; lastKnownFileType = sourcecode.c.h; path = "Bridging-Header.h"; sourceTree = "<group>"; };
		89B8A9722BB2D4CA00FD7106 /* Bridging-Header.h */ = {isa = PBXFileReference; lastKnownFileType = sourcecode.c.h; path = "Bridging-Header.h"; sourceTree = "<group>"; };
		8F9F679CF8B7EE44C3DAACAC /* Pods_DepthCamera_DepthCameraUITests.framework */ = {isa = PBXFileReference; explicitFileType = wrapper.framework; includeInIndex = 0; path = Pods_DepthCamera_DepthCameraUITests.framework; sourceTree = BUILT_PRODUCTS_DIR; };
		AC19CA33E5E5796BB47E68BF /* Pods-DepthCameraTests.release.xcconfig */ = {isa = PBXFileReference; includeInIndex = 1; lastKnownFileType = text.xcconfig; name = "Pods-DepthCameraTests.release.xcconfig"; path = "Target Support Files/Pods-DepthCameraTests/Pods-DepthCameraTests.release.xcconfig"; sourceTree = "<group>"; };
		B7D605FFB229CC868C730AE8 /* Pods-DepthCamera-DepthCameraUITests.release.xcconfig */ = {isa = PBXFileReference; includeInIndex = 1; lastKnownFileType = text.xcconfig; name = "Pods-DepthCamera-DepthCameraUITests.release.xcconfig"; path = "Target Support Files/Pods-DepthCamera-DepthCameraUITests/Pods-DepthCamera-DepthCameraUITests.release.xcconfig"; sourceTree = "<group>"; };
		CE2ED132977D0482CF937CA8 /* Pods-DepthCamera.release.xcconfig */ = {isa = PBXFileReference; includeInIndex = 1; lastKnownFileType = text.xcconfig; name = "Pods-DepthCamera.release.xcconfig"; path = "Target Support Files/Pods-DepthCamera/Pods-DepthCamera.release.xcconfig"; sourceTree = "<group>"; };
		E227FAB191BC5550BAC2DB4A /* Pods_DepthCamera.framework */ = {isa = PBXFileReference; explicitFileType = wrapper.framework; includeInIndex = 0; path = Pods_DepthCamera.framework; sourceTree = BUILT_PRODUCTS_DIR; };
		FEB00714AEB0453F28A4DA1F /* Pods-DepthCamera.debug.xcconfig */ = {isa = PBXFileReference; includeInIndex = 1; lastKnownFileType = text.xcconfig; name = "Pods-DepthCamera.debug.xcconfig"; path = "Target Support Files/Pods-DepthCamera/Pods-DepthCamera.debug.xcconfig"; sourceTree = "<group>"; };
/* End PBXFileReference section */

/* Begin PBXFrameworksBuildPhase section */
		89B617172B14740A00280111 /* Frameworks */ = {
			isa = PBXFrameworksBuildPhase;
			buildActionMask = 2147483647;
			files = (
				DB0AE426B16D9FA02B997FED /* Pods_DepthCamera.framework in Frameworks */,
			);
			runOnlyForDeploymentPostprocessing = 0;
		};
		89B617282B14740B00280111 /* Frameworks */ = {
			isa = PBXFrameworksBuildPhase;
			buildActionMask = 2147483647;
			files = (
				71C3B3AD7A98BA3561007192 /* Pods_DepthCameraTests.framework in Frameworks */,
			);
			runOnlyForDeploymentPostprocessing = 0;
		};
		89B617322B14740B00280111 /* Frameworks */ = {
			isa = PBXFrameworksBuildPhase;
			buildActionMask = 2147483647;
			files = (
				AF6D6D435FA0400B15234CB6 /* Pods_DepthCamera_DepthCameraUITests.framework in Frameworks */,
			);
			runOnlyForDeploymentPostprocessing = 0;
		};
/* End PBXFrameworksBuildPhase section */

/* Begin PBXGroup section */
		89B617112B14740A00280111 = {
			isa = PBXGroup;
			children = (
				89B8A9722BB2D4CA00FD7106 /* Bridging-Header.h */,
				89B6171C2B14740A00280111 /* DepthCamera */,
				89B6172E2B14740B00280111 /* DepthCameraTests */,
				89B617382B14740B00280111 /* DepthCameraUITests */,
				89B6171B2B14740A00280111 /* Products */,
				96FC9C042476ADC6B6121E50 /* Pods */,
				C0163DDF423E92E8B9F2B809 /* Frameworks */,
			);
			sourceTree = "<group>";
		};
		89B6171B2B14740A00280111 /* Products */ = {
			isa = PBXGroup;
			children = (
				89B6171A2B14740A00280111 /* DepthCamera.app */,
				89B6172B2B14740B00280111 /* DepthCameraTests.xctest */,
				89B617352B14740B00280111 /* DepthCameraUITests.xctest */,
			);
			name = Products;
			sourceTree = "<group>";
		};
		89B6171C2B14740A00280111 /* DepthCamera */ = {
			isa = PBXGroup;
			children = (
				89B8A9712BB2D33D00FD7106 /* Bridging-Header.h */,
				89B6174A2B14802900280111 /* Info.plist */,
				89B6171D2B14740A00280111 /* DepthCameraApp.swift */,
				89B6171F2B14740A00280111 /* ContentView.swift */,
				89B617212B14740B00280111 /* Assets.xcassets */,
				89B617232B14740B00280111 /* DepthCamera.entitlements */,
				89B617242B14740B00280111 /* Preview Content */,
			);
			path = DepthCamera;
			sourceTree = "<group>";
		};
		89B617242B14740B00280111 /* Preview Content */ = {
			isa = PBXGroup;
			children = (
				89B617252B14740B00280111 /* Preview Assets.xcassets */,
			);
			path = "Preview Content";
			sourceTree = "<group>";
		};
		89B6172E2B14740B00280111 /* DepthCameraTests */ = {
			isa = PBXGroup;
			children = (
				89B6172F2B14740B00280111 /* DepthCameraTests.swift */,
			);
			path = DepthCameraTests;
			sourceTree = "<group>";
		};
		89B617382B14740B00280111 /* DepthCameraUITests */ = {
			isa = PBXGroup;
			children = (
				89B617392B14740B00280111 /* DepthCameraUITests.swift */,
				89B6173B2B14740B00280111 /* DepthCameraUITestsLaunchTests.swift */,
			);
			path = DepthCameraUITests;
			sourceTree = "<group>";
		};
		96FC9C042476ADC6B6121E50 /* Pods */ = {
			isa = PBXGroup;
			children = (
				FEB00714AEB0453F28A4DA1F /* Pods-DepthCamera.debug.xcconfig */,
				CE2ED132977D0482CF937CA8 /* Pods-DepthCamera.release.xcconfig */,
				71F5030F13FAB4BF6261DA2C /* Pods-DepthCamera-DepthCameraUITests.debug.xcconfig */,
				B7D605FFB229CC868C730AE8 /* Pods-DepthCamera-DepthCameraUITests.release.xcconfig */,
				5AD708927E8DD9D65325735B /* Pods-DepthCameraTests.debug.xcconfig */,
				AC19CA33E5E5796BB47E68BF /* Pods-DepthCameraTests.release.xcconfig */,
			);
			path = Pods;
			sourceTree = "<group>";
		};
		C0163DDF423E92E8B9F2B809 /* Frameworks */ = {
			isa = PBXGroup;
			children = (
				E227FAB191BC5550BAC2DB4A /* Pods_DepthCamera.framework */,
				8F9F679CF8B7EE44C3DAACAC /* Pods_DepthCamera_DepthCameraUITests.framework */,
				5C5E46324A2B9674F59F1F8C /* Pods_DepthCameraTests.framework */,
			);
			name = Frameworks;
			sourceTree = "<group>";
		};
/* End PBXGroup section */

/* Begin PBXNativeTarget section */
		89B617192B14740A00280111 /* DepthCamera */ = {
			isa = PBXNativeTarget;
			buildConfigurationList = 89B6173F2B14740B00280111 /* Build configuration list for PBXNativeTarget "DepthCamera" */;
			buildPhases = (
				9FD73F55BFB40D06CECC6CD7 /* [CP] Check Pods Manifest.lock */,
				89B617162B14740A00280111 /* Sources */,
				89B617172B14740A00280111 /* Frameworks */,
				89B617182B14740A00280111 /* Resources */,
				C7D2F7E25F6591DDCFB765AF /* [CP] Embed Pods Frameworks */,
			);
			buildRules = (
			);
			dependencies = (
			);
			name = DepthCamera;
			productName = DepthCamera;
			productReference = 89B6171A2B14740A00280111 /* DepthCamera.app */;
			productType = "com.apple.product-type.application";
		};
		89B6172A2B14740B00280111 /* DepthCameraTests */ = {
			isa = PBXNativeTarget;
			buildConfigurationList = 89B617422B14740B00280111 /* Build configuration list for PBXNativeTarget "DepthCameraTests" */;
			buildPhases = (
				9AE3E814D8DD9349537AE465 /* [CP] Check Pods Manifest.lock */,
				89B617272B14740B00280111 /* Sources */,
				89B617282B14740B00280111 /* Frameworks */,
				89B617292B14740B00280111 /* Resources */,
			);
			buildRules = (
			);
			dependencies = (
				89B6172D2B14740B00280111 /* PBXTargetDependency */,
			);
			name = DepthCameraTests;
			productName = DepthCameraTests;
			productReference = 89B6172B2B14740B00280111 /* DepthCameraTests.xctest */;
			productType = "com.apple.product-type.bundle.unit-test";
		};
		89B617342B14740B00280111 /* DepthCameraUITests */ = {
			isa = PBXNativeTarget;
			buildConfigurationList = 89B617452B14740B00280111 /* Build configuration list for PBXNativeTarget "DepthCameraUITests" */;
			buildPhases = (
				A5872C31FBF5FAB0D87EFE3B /* [CP] Check Pods Manifest.lock */,
				89B617312B14740B00280111 /* Sources */,
				89B617322B14740B00280111 /* Frameworks */,
				89B617332B14740B00280111 /* Resources */,
				21B09DE3E1CA69499366E3FF /* [CP] Embed Pods Frameworks */,
			);
			buildRules = (
			);
			dependencies = (
				89B617372B14740B00280111 /* PBXTargetDependency */,
			);
			name = DepthCameraUITests;
			productName = DepthCameraUITests;
			productReference = 89B617352B14740B00280111 /* DepthCameraUITests.xctest */;
			productType = "com.apple.product-type.bundle.ui-testing";
		};
/* End PBXNativeTarget section */

/* Begin PBXProject section */
		89B617122B14740A00280111 /* Project object */ = {
			isa = PBXProject;
			attributes = {
				BuildIndependentTargetsInParallel = 1;
				LastSwiftUpdateCheck = 1500;
				LastUpgradeCheck = 1500;
				TargetAttributes = {
					89B617192B14740A00280111 = {
						CreatedOnToolsVersion = 15.0.1;
					};
					89B6172A2B14740B00280111 = {
						CreatedOnToolsVersion = 15.0.1;
						TestTargetID = 89B617192B14740A00280111;
					};
					89B617342B14740B00280111 = {
						CreatedOnToolsVersion = 15.0.1;
						TestTargetID = 89B617192B14740A00280111;
					};
				};
			};
			buildConfigurationList = 89B617152B14740A00280111 /* Build configuration list for PBXProject "DepthCamera" */;
			compatibilityVersion = "Xcode 14.0";
			developmentRegion = en;
			hasScannedForEncodings = 0;
			knownRegions = (
				en,
				Base,
			);
			mainGroup = 89B617112B14740A00280111;
			productRefGroup = 89B6171B2B14740A00280111 /* Products */;
			projectDirPath = "";
			projectRoot = "";
			targets = (
				89B617192B14740A00280111 /* DepthCamera */,
				89B6172A2B14740B00280111 /* DepthCameraTests */,
				89B617342B14740B00280111 /* DepthCameraUITests */,
			);
		};
/* End PBXProject section */

/* Begin PBXResourcesBuildPhase section */
		89B617182B14740A00280111 /* Resources */ = {
			isa = PBXResourcesBuildPhase;
			buildActionMask = 2147483647;
			files = (
				89B617262B14740B00280111 /* Preview Assets.xcassets in Resources */,
				89B617222B14740B00280111 /* Assets.xcassets in Resources */,
			);
			runOnlyForDeploymentPostprocessing = 0;
		};
		89B617292B14740B00280111 /* Resources */ = {
			isa = PBXResourcesBuildPhase;
			buildActionMask = 2147483647;
			files = (
			);
			runOnlyForDeploymentPostprocessing = 0;
		};
		89B617332B14740B00280111 /* Resources */ = {
			isa = PBXResourcesBuildPhase;
			buildActionMask = 2147483647;
			files = (
			);
			runOnlyForDeploymentPostprocessing = 0;
		};
/* End PBXResourcesBuildPhase section */

/* Begin PBXShellScriptBuildPhase section */
		21B09DE3E1CA69499366E3FF /* [CP] Embed Pods Frameworks */ = {
			isa = PBXShellScriptBuildPhase;
			buildActionMask = 2147483647;
			files = (
			);
			inputFileListPaths = (
				"${PODS_ROOT}/Target Support Files/Pods-DepthCamera-DepthCameraUITests/Pods-DepthCamera-DepthCameraUITests-frameworks-${CONFIGURATION}-input-files.xcfilelist",
			);
			name = "[CP] Embed Pods Frameworks";
			outputFileListPaths = (
				"${PODS_ROOT}/Target Support Files/Pods-DepthCamera-DepthCameraUITests/Pods-DepthCamera-DepthCameraUITests-frameworks-${CONFIGURATION}-output-files.xcfilelist",
			);
			runOnlyForDeploymentPostprocessing = 0;
			shellPath = /bin/sh;
			shellScript = "\"${PODS_ROOT}/Target Support Files/Pods-DepthCamera-DepthCameraUITests/Pods-DepthCamera-DepthCameraUITests-frameworks.sh\"\n";
			showEnvVarsInLog = 0;
		};
		9AE3E814D8DD9349537AE465 /* [CP] Check Pods Manifest.lock */ = {
			isa = PBXShellScriptBuildPhase;
			buildActionMask = 2147483647;
			files = (
			);
			inputFileListPaths = (
			);
			inputPaths = (
				"${PODS_PODFILE_DIR_PATH}/Podfile.lock",
				"${PODS_ROOT}/Manifest.lock",
			);
			name = "[CP] Check Pods Manifest.lock";
			outputFileListPaths = (
			);
			outputPaths = (
				"$(DERIVED_FILE_DIR)/Pods-DepthCameraTests-checkManifestLockResult.txt",
			);
			runOnlyForDeploymentPostprocessing = 0;
			shellPath = /bin/sh;
			shellScript = "diff \"${PODS_PODFILE_DIR_PATH}/Podfile.lock\" \"${PODS_ROOT}/Manifest.lock\" > /dev/null\nif [ $? != 0 ] ; then\n    # print error to STDERR\n    echo \"error: The sandbox is not in sync with the Podfile.lock. Run 'pod install' or update your CocoaPods installation.\" >&2\n    exit 1\nfi\n# This output is used by Xcode 'outputs' to avoid re-running this script phase.\necho \"SUCCESS\" > \"${SCRIPT_OUTPUT_FILE_0}\"\n";
			showEnvVarsInLog = 0;
		};
		9FD73F55BFB40D06CECC6CD7 /* [CP] Check Pods Manifest.lock */ = {
			isa = PBXShellScriptBuildPhase;
			buildActionMask = 2147483647;
			files = (
			);
			inputFileListPaths = (
			);
			inputPaths = (
				"${PODS_PODFILE_DIR_PATH}/Podfile.lock",
				"${PODS_ROOT}/Manifest.lock",
			);
			name = "[CP] Check Pods Manifest.lock";
			outputFileListPaths = (
			);
			outputPaths = (
				"$(DERIVED_FILE_DIR)/Pods-DepthCamera-checkManifestLockResult.txt",
			);
			runOnlyForDeploymentPostprocessing = 0;
			shellPath = /bin/sh;
			shellScript = "diff \"${PODS_PODFILE_DIR_PATH}/Podfile.lock\" \"${PODS_ROOT}/Manifest.lock\" > /dev/null\nif [ $? != 0 ] ; then\n    # print error to STDERR\n    echo \"error: The sandbox is not in sync with the Podfile.lock. Run 'pod install' or update your CocoaPods installation.\" >&2\n    exit 1\nfi\n# This output is used by Xcode 'outputs' to avoid re-running this script phase.\necho \"SUCCESS\" > \"${SCRIPT_OUTPUT_FILE_0}\"\n";
			showEnvVarsInLog = 0;
		};
		A5872C31FBF5FAB0D87EFE3B /* [CP] Check Pods Manifest.lock */ = {
			isa = PBXShellScriptBuildPhase;
			buildActionMask = 2147483647;
			files = (
			);
			inputFileListPaths = (
			);
			inputPaths = (
				"${PODS_PODFILE_DIR_PATH}/Podfile.lock",
				"${PODS_ROOT}/Manifest.lock",
			);
			name = "[CP] Check Pods Manifest.lock";
			outputFileListPaths = (
			);
			outputPaths = (
				"$(DERIVED_FILE_DIR)/Pods-DepthCamera-DepthCameraUITests-checkManifestLockResult.txt",
			);
			runOnlyForDeploymentPostprocessing = 0;
			shellPath = /bin/sh;
			shellScript = "diff \"${PODS_PODFILE_DIR_PATH}/Podfile.lock\" \"${PODS_ROOT}/Manifest.lock\" > /dev/null\nif [ $? != 0 ] ; then\n    # print error to STDERR\n    echo \"error: The sandbox is not in sync with the Podfile.lock. Run 'pod install' or update your CocoaPods installation.\" >&2\n    exit 1\nfi\n# This output is used by Xcode 'outputs' to avoid re-running this script phase.\necho \"SUCCESS\" > \"${SCRIPT_OUTPUT_FILE_0}\"\n";
			showEnvVarsInLog = 0;
		};
		C7D2F7E25F6591DDCFB765AF /* [CP] Embed Pods Frameworks */ = {
			isa = PBXShellScriptBuildPhase;
			buildActionMask = 2147483647;
			files = (
			);
			inputFileListPaths = (
				"${PODS_ROOT}/Target Support Files/Pods-DepthCamera/Pods-DepthCamera-frameworks-${CONFIGURATION}-input-files.xcfilelist",
			);
			name = "[CP] Embed Pods Frameworks";
			outputFileListPaths = (
				"${PODS_ROOT}/Target Support Files/Pods-DepthCamera/Pods-DepthCamera-frameworks-${CONFIGURATION}-output-files.xcfilelist",
			);
			runOnlyForDeploymentPostprocessing = 0;
			shellPath = /bin/sh;
			shellScript = "\"${PODS_ROOT}/Target Support Files/Pods-DepthCamera/Pods-DepthCamera-frameworks.sh\"\n";
			showEnvVarsInLog = 0;
		};
/* End PBXShellScriptBuildPhase section */

/* Begin PBXSourcesBuildPhase section */
		89B617162B14740A00280111 /* Sources */ = {
			isa = PBXSourcesBuildPhase;
			buildActionMask = 2147483647;
			files = (
				89B617202B14740A00280111 /* ContentView.swift in Sources */,
				89B6171E2B14740A00280111 /* DepthCameraApp.swift in Sources */,
			);
			runOnlyForDeploymentPostprocessing = 0;
		};
		89B617272B14740B00280111 /* Sources */ = {
			isa = PBXSourcesBuildPhase;
			buildActionMask = 2147483647;
			files = (
				89B617302B14740B00280111 /* DepthCameraTests.swift in Sources */,
			);
			runOnlyForDeploymentPostprocessing = 0;
		};
		89B617312B14740B00280111 /* Sources */ = {
			isa = PBXSourcesBuildPhase;
			buildActionMask = 2147483647;
			files = (
				89B6173A2B14740B00280111 /* DepthCameraUITests.swift in Sources */,
				89B6173C2B14740B00280111 /* DepthCameraUITestsLaunchTests.swift in Sources */,
			);
			runOnlyForDeploymentPostprocessing = 0;
		};
/* End PBXSourcesBuildPhase section */

/* Begin PBXTargetDependency section */
		89B6172D2B14740B00280111 /* PBXTargetDependency */ = {
			isa = PBXTargetDependency;
			target = 89B617192B14740A00280111 /* DepthCamera */;
			targetProxy = 89B6172C2B14740B00280111 /* PBXContainerItemProxy */;
		};
		89B617372B14740B00280111 /* PBXTargetDependency */ = {
			isa = PBXTargetDependency;
			target = 89B617192B14740A00280111 /* DepthCamera */;
			targetProxy = 89B617362B14740B00280111 /* PBXContainerItemProxy */;
		};
/* End PBXTargetDependency section */

/* Begin XCBuildConfiguration section */
		89B6173D2B14740B00280111 /* Debug */ = {
			isa = XCBuildConfiguration;
			buildSettings = {
				ALWAYS_SEARCH_USER_PATHS = NO;
				ASSETCATALOG_COMPILER_GENERATE_SWIFT_ASSET_SYMBOL_EXTENSIONS = YES;
				CLANG_ANALYZER_NONNULL = YES;
				CLANG_ANALYZER_NUMBER_OBJECT_CONVERSION = YES_AGGRESSIVE;
				CLANG_CXX_LANGUAGE_STANDARD = "gnu++20";
				CLANG_ENABLE_MODULES = YES;
				CLANG_ENABLE_OBJC_ARC = YES;
				CLANG_ENABLE_OBJC_WEAK = YES;
				CLANG_WARN_BLOCK_CAPTURE_AUTORELEASING = YES;
				CLANG_WARN_BOOL_CONVERSION = YES;
				CLANG_WARN_COMMA = YES;
				CLANG_WARN_CONSTANT_CONVERSION = YES;
				CLANG_WARN_DEPRECATED_OBJC_IMPLEMENTATIONS = YES;
				CLANG_WARN_DIRECT_OBJC_ISA_USAGE = YES_ERROR;
				CLANG_WARN_DOCUMENTATION_COMMENTS = YES;
				CLANG_WARN_EMPTY_BODY = YES;
				CLANG_WARN_ENUM_CONVERSION = YES;
				CLANG_WARN_INFINITE_RECURSION = YES;
				CLANG_WARN_INT_CONVERSION = YES;
				CLANG_WARN_NON_LITERAL_NULL_CONVERSION = YES;
				CLANG_WARN_OBJC_IMPLICIT_RETAIN_SELF = YES;
				CLANG_WARN_OBJC_LITERAL_CONVERSION = YES;
				CLANG_WARN_OBJC_ROOT_CLASS = YES_ERROR;
				CLANG_WARN_QUOTED_INCLUDE_IN_FRAMEWORK_HEADER = YES;
				CLANG_WARN_RANGE_LOOP_ANALYSIS = YES;
				CLANG_WARN_STRICT_PROTOTYPES = YES;
				CLANG_WARN_SUSPICIOUS_MOVE = YES;
				CLANG_WARN_UNGUARDED_AVAILABILITY = YES_AGGRESSIVE;
				CLANG_WARN_UNREACHABLE_CODE = YES;
				CLANG_WARN__DUPLICATE_METHOD_MATCH = YES;
				COPY_PHASE_STRIP = NO;
				DEBUG_INFORMATION_FORMAT = dwarf;
				ENABLE_STRICT_OBJC_MSGSEND = YES;
				ENABLE_TESTABILITY = YES;
				ENABLE_USER_SCRIPT_SANDBOXING = YES;
				GCC_C_LANGUAGE_STANDARD = gnu17;
				GCC_DYNAMIC_NO_PIC = NO;
				GCC_NO_COMMON_BLOCKS = YES;
				GCC_OPTIMIZATION_LEVEL = 0;
				GCC_PREPROCESSOR_DEFINITIONS = (
					"DEBUG=1",
					"$(inherited)",
				);
				GCC_WARN_64_TO_32_BIT_CONVERSION = YES;
				GCC_WARN_ABOUT_RETURN_TYPE = YES_ERROR;
				GCC_WARN_UNDECLARED_SELECTOR = YES;
				GCC_WARN_UNINITIALIZED_AUTOS = YES_AGGRESSIVE;
				GCC_WARN_UNUSED_FUNCTION = YES;
				GCC_WARN_UNUSED_VARIABLE = YES;
				LOCALIZATION_PREFERS_STRING_CATALOGS = YES;
				MTL_ENABLE_DEBUG_INFO = INCLUDE_SOURCE;
				MTL_FAST_MATH = YES;
				ONLY_ACTIVE_ARCH = YES;
				SWIFT_ACTIVE_COMPILATION_CONDITIONS = "DEBUG $(inherited)";
				SWIFT_OPTIMIZATION_LEVEL = "-Onone";
			};
			name = Debug;
		};
		89B6173E2B14740B00280111 /* Release */ = {
			isa = XCBuildConfiguration;
			buildSettings = {
				ALWAYS_SEARCH_USER_PATHS = NO;
				ASSETCATALOG_COMPILER_GENERATE_SWIFT_ASSET_SYMBOL_EXTENSIONS = YES;
				CLANG_ANALYZER_NONNULL = YES;
				CLANG_ANALYZER_NUMBER_OBJECT_CONVERSION = YES_AGGRESSIVE;
				CLANG_CXX_LANGUAGE_STANDARD = "gnu++20";
				CLANG_ENABLE_MODULES = YES;
				CLANG_ENABLE_OBJC_ARC = YES;
				CLANG_ENABLE_OBJC_WEAK = YES;
				CLANG_WARN_BLOCK_CAPTURE_AUTORELEASING = YES;
				CLANG_WARN_BOOL_CONVERSION = YES;
				CLANG_WARN_COMMA = YES;
				CLANG_WARN_CONSTANT_CONVERSION = YES;
				CLANG_WARN_DEPRECATED_OBJC_IMPLEMENTATIONS = YES;
				CLANG_WARN_DIRECT_OBJC_ISA_USAGE = YES_ERROR;
				CLANG_WARN_DOCUMENTATION_COMMENTS = YES;
				CLANG_WARN_EMPTY_BODY = YES;
				CLANG_WARN_ENUM_CONVERSION = YES;
				CLANG_WARN_INFINITE_RECURSION = YES;
				CLANG_WARN_INT_CONVERSION = YES;
				CLANG_WARN_NON_LITERAL_NULL_CONVERSION = YES;
				CLANG_WARN_OBJC_IMPLICIT_RETAIN_SELF = YES;
				CLANG_WARN_OBJC_LITERAL_CONVERSION = YES;
				CLANG_WARN_OBJC_ROOT_CLASS = YES_ERROR;
				CLANG_WARN_QUOTED_INCLUDE_IN_FRAMEWORK_HEADER = YES;
				CLANG_WARN_RANGE_LOOP_ANALYSIS = YES;
				CLANG_WARN_STRICT_PROTOTYPES = YES;
				CLANG_WARN_SUSPICIOUS_MOVE = YES;
				CLANG_WARN_UNGUARDED_AVAILABILITY = YES_AGGRESSIVE;
				CLANG_WARN_UNREACHABLE_CODE = YES;
				CLANG_WARN__DUPLICATE_METHOD_MATCH = YES;
				COPY_PHASE_STRIP = NO;
				DEBUG_INFORMATION_FORMAT = "dwarf-with-dsym";
				ENABLE_NS_ASSERTIONS = NO;
				ENABLE_STRICT_OBJC_MSGSEND = YES;
				ENABLE_USER_SCRIPT_SANDBOXING = YES;
				GCC_C_LANGUAGE_STANDARD = gnu17;
				GCC_NO_COMMON_BLOCKS = YES;
				GCC_WARN_64_TO_32_BIT_CONVERSION = YES;
				GCC_WARN_ABOUT_RETURN_TYPE = YES_ERROR;
				GCC_WARN_UNDECLARED_SELECTOR = YES;
				GCC_WARN_UNINITIALIZED_AUTOS = YES_AGGRESSIVE;
				GCC_WARN_UNUSED_FUNCTION = YES;
				GCC_WARN_UNUSED_VARIABLE = YES;
				LOCALIZATION_PREFERS_STRING_CATALOGS = YES;
				MTL_ENABLE_DEBUG_INFO = NO;
				MTL_FAST_MATH = YES;
				SWIFT_COMPILATION_MODE = wholemodule;
			};
			name = Release;
		};
		89B617402B14740B00280111 /* Debug */ = {
			isa = XCBuildConfiguration;
			baseConfigurationReference = FEB00714AEB0453F28A4DA1F /* Pods-DepthCamera.debug.xcconfig */;
			buildSettings = {
				ASSETCATALOG_COMPILER_APPICON_NAME = AppIcon;
				ASSETCATALOG_COMPILER_GLOBAL_ACCENT_COLOR_NAME = AccentColor;
				CODE_SIGN_ENTITLEMENTS = DepthCamera/DepthCamera.entitlements;
				CODE_SIGN_STYLE = Automatic;
				CURRENT_PROJECT_VERSION = 1;
				DEVELOPMENT_ASSET_PATHS = "\"DepthCamera/Preview Content\"";
				DEVELOPMENT_TEAM = 9RWAJP8AG7;
				ENABLE_HARDENED_RUNTIME = YES;
				ENABLE_PREVIEWS = YES;
				ENABLE_USER_SCRIPT_SANDBOXING = NO;
				GENERATE_INFOPLIST_FILE = YES;
				INFOPLIST_FILE = DepthCamera/Info.plist;
				INFOPLIST_KEY_LSSupportsOpeningDocumentsInPlace = YES;
				INFOPLIST_KEY_NSCameraUsageDescription = "カメラを使用します";
				"INFOPLIST_KEY_UIApplicationSceneManifest_Generation[sdk=iphoneos*]" = YES;
				"INFOPLIST_KEY_UIApplicationSceneManifest_Generation[sdk=iphonesimulator*]" = YES;
				"INFOPLIST_KEY_UIApplicationSupportsIndirectInputEvents[sdk=iphoneos*]" = YES;
				"INFOPLIST_KEY_UIApplicationSupportsIndirectInputEvents[sdk=iphonesimulator*]" = YES;
				"INFOPLIST_KEY_UILaunchScreen_Generation[sdk=iphoneos*]" = YES;
				"INFOPLIST_KEY_UILaunchScreen_Generation[sdk=iphonesimulator*]" = YES;
				"INFOPLIST_KEY_UIStatusBarStyle[sdk=iphoneos*]" = UIStatusBarStyleDefault;
				"INFOPLIST_KEY_UIStatusBarStyle[sdk=iphonesimulator*]" = UIStatusBarStyleDefault;
				INFOPLIST_KEY_UISupportedInterfaceOrientations_iPad = "UIInterfaceOrientationPortrait UIInterfaceOrientationPortraitUpsideDown UIInterfaceOrientationLandscapeLeft UIInterfaceOrientationLandscapeRight";
				INFOPLIST_KEY_UISupportedInterfaceOrientations_iPhone = "UIInterfaceOrientationPortrait UIInterfaceOrientationLandscapeLeft UIInterfaceOrientationLandscapeRight";
				INFOPLIST_KEY_UISupportsDocumentBrowser = YES;
				IPHONEOS_DEPLOYMENT_TARGET = 16.4;
				LD_RUNPATH_SEARCH_PATHS = "@executable_path/Frameworks";
				"LD_RUNPATH_SEARCH_PATHS[sdk=macosx*]" = "@executable_path/../Frameworks";
				MACOSX_DEPLOYMENT_TARGET = 14.0;
				MARKETING_VERSION = 1.0;
				PRODUCT_BUNDLE_IDENTIFIER = com.bestat.DepthCamera;
				PRODUCT_NAME = "$(TARGET_NAME)";
				SDKROOT = auto;
				SUPPORTED_PLATFORMS = "iphoneos iphonesimulator macosx";
				SWIFT_EMIT_LOC_STRINGS = YES;
				"SWIFT_OBJC_BRIDGING_HEADER[arch=*]" = "$(SRCROOT)/$(PROJECT)/Bridging-Header.h";
				SWIFT_VERSION = 5.0;
				TARGETED_DEVICE_FAMILY = "1,2";
			};
			name = Debug;
		};
		89B617412B14740B00280111 /* Release */ = {
			isa = XCBuildConfiguration;
			baseConfigurationReference = CE2ED132977D0482CF937CA8 /* Pods-DepthCamera.release.xcconfig */;
			buildSettings = {
				ASSETCATALOG_COMPILER_APPICON_NAME = AppIcon;
				ASSETCATALOG_COMPILER_GLOBAL_ACCENT_COLOR_NAME = AccentColor;
				CODE_SIGN_ENTITLEMENTS = DepthCamera/DepthCamera.entitlements;
				CODE_SIGN_STYLE = Automatic;
				CURRENT_PROJECT_VERSION = 1;
				DEVELOPMENT_ASSET_PATHS = "\"DepthCamera/Preview Content\"";
				DEVELOPMENT_TEAM = 9RWAJP8AG7;
				ENABLE_HARDENED_RUNTIME = YES;
				ENABLE_PREVIEWS = YES;
				ENABLE_USER_SCRIPT_SANDBOXING = NO;
				GENERATE_INFOPLIST_FILE = YES;
				INFOPLIST_FILE = DepthCamera/Info.plist;
				INFOPLIST_KEY_LSSupportsOpeningDocumentsInPlace = YES;
				INFOPLIST_KEY_NSCameraUsageDescription = "カメラを使用します";
				"INFOPLIST_KEY_UIApplicationSceneManifest_Generation[sdk=iphoneos*]" = YES;
				"INFOPLIST_KEY_UIApplicationSceneManifest_Generation[sdk=iphonesimulator*]" = YES;
				"INFOPLIST_KEY_UIApplicationSupportsIndirectInputEvents[sdk=iphoneos*]" = YES;
				"INFOPLIST_KEY_UIApplicationSupportsIndirectInputEvents[sdk=iphonesimulator*]" = YES;
				"INFOPLIST_KEY_UILaunchScreen_Generation[sdk=iphoneos*]" = YES;
				"INFOPLIST_KEY_UILaunchScreen_Generation[sdk=iphonesimulator*]" = YES;
				"INFOPLIST_KEY_UIStatusBarStyle[sdk=iphoneos*]" = UIStatusBarStyleDefault;
				"INFOPLIST_KEY_UIStatusBarStyle[sdk=iphonesimulator*]" = UIStatusBarStyleDefault;
				INFOPLIST_KEY_UISupportedInterfaceOrientations_iPad = "UIInterfaceOrientationPortrait UIInterfaceOrientationPortraitUpsideDown UIInterfaceOrientationLandscapeLeft UIInterfaceOrientationLandscapeRight";
				INFOPLIST_KEY_UISupportedInterfaceOrientations_iPhone = "UIInterfaceOrientationPortrait UIInterfaceOrientationLandscapeLeft UIInterfaceOrientationLandscapeRight";
				INFOPLIST_KEY_UISupportsDocumentBrowser = YES;
				IPHONEOS_DEPLOYMENT_TARGET = 16.4;
				LD_RUNPATH_SEARCH_PATHS = "@executable_path/Frameworks";
				"LD_RUNPATH_SEARCH_PATHS[sdk=macosx*]" = "@executable_path/../Frameworks";
				MACOSX_DEPLOYMENT_TARGET = 14.0;
				MARKETING_VERSION = 1.0;
				PRODUCT_BUNDLE_IDENTIFIER = com.bestat.DepthCamera;
				PRODUCT_NAME = "$(TARGET_NAME)";
				SDKROOT = auto;
				SUPPORTED_PLATFORMS = "iphoneos iphonesimulator macosx";
				SWIFT_EMIT_LOC_STRINGS = YES;
				"SWIFT_OBJC_BRIDGING_HEADER[arch=*]" = "$(SRCROOT)/$(PROJECT)/Bridging-Header.h";
				SWIFT_VERSION = 5.0;
				TARGETED_DEVICE_FAMILY = "1,2";
			};
			name = Release;
		};
		89B617432B14740B00280111 /* Debug */ = {
			isa = XCBuildConfiguration;
			baseConfigurationReference = 5AD708927E8DD9D65325735B /* Pods-DepthCameraTests.debug.xcconfig */;
			buildSettings = {
				ALWAYS_EMBED_SWIFT_STANDARD_LIBRARIES = YES;
				BUNDLE_LOADER = "$(TEST_HOST)";
				CODE_SIGN_STYLE = Automatic;
				CURRENT_PROJECT_VERSION = 1;
				DEVELOPMENT_TEAM = 9RWAJP8AG7;
				GENERATE_INFOPLIST_FILE = YES;
				IPHONEOS_DEPLOYMENT_TARGET = 17.0;
				MACOSX_DEPLOYMENT_TARGET = 14.0;
				MARKETING_VERSION = 1.0;
				PRODUCT_BUNDLE_IDENTIFIER = com.bestat.DepthCameraTests;
				PRODUCT_NAME = "$(TARGET_NAME)";
				SDKROOT = auto;
				SUPPORTED_PLATFORMS = "iphoneos iphonesimulator macosx";
				SWIFT_EMIT_LOC_STRINGS = NO;
				SWIFT_VERSION = 5.0;
				TARGETED_DEVICE_FAMILY = "1,2";
				TEST_HOST = "$(BUILT_PRODUCTS_DIR)/DepthCamera.app/$(BUNDLE_EXECUTABLE_FOLDER_PATH)/DepthCamera";
			};
			name = Debug;
		};
		89B617442B14740B00280111 /* Release */ = {
			isa = XCBuildConfiguration;
			baseConfigurationReference = AC19CA33E5E5796BB47E68BF /* Pods-DepthCameraTests.release.xcconfig */;
			buildSettings = {
				ALWAYS_EMBED_SWIFT_STANDARD_LIBRARIES = YES;
				BUNDLE_LOADER = "$(TEST_HOST)";
				CODE_SIGN_STYLE = Automatic;
				CURRENT_PROJECT_VERSION = 1;
				DEVELOPMENT_TEAM = 9RWAJP8AG7;
				GENERATE_INFOPLIST_FILE = YES;
				IPHONEOS_DEPLOYMENT_TARGET = 17.0;
				MACOSX_DEPLOYMENT_TARGET = 14.0;
				MARKETING_VERSION = 1.0;
				PRODUCT_BUNDLE_IDENTIFIER = com.bestat.DepthCameraTests;
				PRODUCT_NAME = "$(TARGET_NAME)";
				SDKROOT = auto;
				SUPPORTED_PLATFORMS = "iphoneos iphonesimulator macosx";
				SWIFT_EMIT_LOC_STRINGS = NO;
				SWIFT_VERSION = 5.0;
				TARGETED_DEVICE_FAMILY = "1,2";
				TEST_HOST = "$(BUILT_PRODUCTS_DIR)/DepthCamera.app/$(BUNDLE_EXECUTABLE_FOLDER_PATH)/DepthCamera";
			};
			name = Release;
		};
		89B617462B14740B00280111 /* Debug */ = {
			isa = XCBuildConfiguration;
			baseConfigurationReference = 71F5030F13FAB4BF6261DA2C /* Pods-DepthCamera-DepthCameraUITests.debug.xcconfig */;
			buildSettings = {
				ALWAYS_EMBED_SWIFT_STANDARD_LIBRARIES = YES;
				CODE_SIGN_STYLE = Automatic;
				CURRENT_PROJECT_VERSION = 1;
				DEVELOPMENT_TEAM = 9RWAJP8AG7;
				GENERATE_INFOPLIST_FILE = YES;
				IPHONEOS_DEPLOYMENT_TARGET = 17.0;
				MACOSX_DEPLOYMENT_TARGET = 14.0;
				MARKETING_VERSION = 1.0;
				PRODUCT_BUNDLE_IDENTIFIER = com.bestat.DepthCameraUITests;
				PRODUCT_NAME = "$(TARGET_NAME)";
				SDKROOT = auto;
				SUPPORTED_PLATFORMS = "iphoneos iphonesimulator macosx";
				SWIFT_EMIT_LOC_STRINGS = NO;
				SWIFT_VERSION = 5.0;
				TARGETED_DEVICE_FAMILY = "1,2";
				TEST_TARGET_NAME = DepthCamera;
			};
			name = Debug;
		};
		89B617472B14740B00280111 /* Release */ = {
			isa = XCBuildConfiguration;
			baseConfigurationReference = B7D605FFB229CC868C730AE8 /* Pods-DepthCamera-DepthCameraUITests.release.xcconfig */;
			buildSettings = {
				ALWAYS_EMBED_SWIFT_STANDARD_LIBRARIES = YES;
				CODE_SIGN_STYLE = Automatic;
				CURRENT_PROJECT_VERSION = 1;
				DEVELOPMENT_TEAM = 9RWAJP8AG7;
				GENERATE_INFOPLIST_FILE = YES;
				IPHONEOS_DEPLOYMENT_TARGET = 17.0;
				MACOSX_DEPLOYMENT_TARGET = 14.0;
				MARKETING_VERSION = 1.0;
				PRODUCT_BUNDLE_IDENTIFIER = com.bestat.DepthCameraUITests;
				PRODUCT_NAME = "$(TARGET_NAME)";
				SDKROOT = auto;
				SUPPORTED_PLATFORMS = "iphoneos iphonesimulator macosx";
				SWIFT_EMIT_LOC_STRINGS = NO;
				SWIFT_VERSION = 5.0;
				TARGETED_DEVICE_FAMILY = "1,2";
				TEST_TARGET_NAME = DepthCamera;
			};
			name = Release;
		};
/* End XCBuildConfiguration section */

/* Begin XCConfigurationList section */
		89B617152B14740A00280111 /* Build configuration list for PBXProject "DepthCamera" */ = {
			isa = XCConfigurationList;
			buildConfigurations = (
				89B6173D2B14740B00280111 /* Debug */,
				89B6173E2B14740B00280111 /* Release */,
			);
			defaultConfigurationIsVisible = 0;
			defaultConfigurationName = Release;
		};
		89B6173F2B14740B00280111 /* Build configuration list for PBXNativeTarget "DepthCamera" */ = {
			isa = XCConfigurationList;
			buildConfigurations = (
				89B617402B14740B00280111 /* Debug */,
				89B617412B14740B00280111 /* Release */,
			);
			defaultConfigurationIsVisible = 0;
			defaultConfigurationName = Release;
		};
		89B617422B14740B00280111 /* Build configuration list for PBXNativeTarget "DepthCameraTests" */ = {
			isa = XCConfigurationList;
			buildConfigurations = (
				89B617432B14740B00280111 /* Debug */,
				89B617442B14740B00280111 /* Release */,
			);
			defaultConfigurationIsVisible = 0;
			defaultConfigurationName = Release;
		};
		89B617452B14740B00280111 /* Build configuration list for PBXNativeTarget "DepthCameraUITests" */ = {
			isa = XCConfigurationList;
			buildConfigurations = (
				89B617462B14740B00280111 /* Debug */,
				89B617472B14740B00280111 /* Release */,
			);
			defaultConfigurationIsVisible = 0;
			defaultConfigurationName = Release;
		};
/* End XCConfigurationList section */
	};
	rootObject = 89B617122B14740A00280111 /* Project object */;
}
